
Microsoft Visual Studio Solution File, Format Version 12.00
# Visual Studio 14
VisualStudioVersion = 14.0.25420.1
MinimumVisualStudioVersion = 10.0.40219.1
Project("{FAE04EC0-301F-11D3-BF4B-00C04F79EFBC}") = "Ranta.FiddlerDemo", "Ranta.FiddlerDemo\Ranta.FiddlerDemo.csproj", "{44CE6553-7B7D-4C7B-BF00-3EB3354FA4A7}"
EndProject
Global
	GlobalSection(SolutionConfigurationPlatforms) = preSolution
		Debug|Any CPU = Debug|Any CPU
		Release|Any CPU = Release|Any CPU
	EndGlobalSection
	GlobalSection(ProjectConfigurationPlatforms) = postSolution
		{44CE6553-7B7D-4C7B-BF00-3EB3354FA4A7}.Debug|Any CPU.ActiveCfg = Debug|Any CPU
		{44CE6553-7B7D-4C7B-BF00-3EB3354FA4A7}.Debug|Any CPU.Build.0 = Debug|Any CPU
		{44CE6553-7B7D-4C7B-BF00-3EB3354FA4A7}.Release|Any CPU.ActiveCfg = Release|Any CPU
		{44CE6553-7B7D-4C7B-BF00-3EB3354FA4A7}.Release|Any CPU.Build.0 = Release|Any CPU
	EndGlobalSection
	GlobalSection(SolutionProperties) = preSolution
		HideSolutionNode = FALSE
	EndGlobalSection
EndGlobal
